// !$*UTF8*$!
{
	archiveVersion = 1;
	classes = {
	};
	objectVersion = 46;
	objects = {

/* Begin PBXBuildFile section */
		440F68C11F157013008511DC /* AppDelegate.swift in Sources */ = {isa = PBXBuildFile; fileRef = 440F68C01F157013008511DC /* AppDelegate.swift */; };
		440F68C31F157013008511DC /* SetListViewController.swift in Sources */ = {isa = PBXBuildFile; fileRef = 440F68C21F157013008511DC /* SetListViewController.swift */; };
		440F68C61F157013008511DC /* Main.storyboard in Resources */ = {isa = PBXBuildFile; fileRef = 440F68C41F157013008511DC /* Main.storyboard */; };
		440F68C81F157013008511DC /* Assets.xcassets in Resources */ = {isa = PBXBuildFile; fileRef = 440F68C71F157013008511DC /* Assets.xcassets */; };
		440F68CB1F157013008511DC /* LaunchScreen.storyboard in Resources */ = {isa = PBXBuildFile; fileRef = 440F68C91F157013008511DC /* LaunchScreen.storyboard */; };
		441D0B961F1841F1007D171C /* EditSetListViewController.swift in Sources */ = {isa = PBXBuildFile; fileRef = 441D0B951F1841F1007D171C /* EditSetListViewController.swift */; };
		441D0B981F19BD97007D171C /* EditArtistViewController.swift in Sources */ = {isa = PBXBuildFile; fileRef = 441D0B971F19BD97007D171C /* EditArtistViewController.swift */; };
		441D0B9A1F19C2EF007D171C /* ArtistTableViewCell.swift in Sources */ = {isa = PBXBuildFile; fileRef = 441D0B991F19C2EF007D171C /* ArtistTableViewCell.swift */; };
		4426B1F31F1578F800E37954 /* SongNameTableViewCell.swift in Sources */ = {isa = PBXBuildFile; fileRef = 4426B1F21F1578F800E37954 /* SongNameTableViewCell.swift */; };
		4444978B1F1D7F23006FBEF8 /* LoginViewController.swift in Sources */ = {isa = PBXBuildFile; fileRef = 4444978A1F1D7F23006FBEF8 /* LoginViewController.swift */; };
		4456BD0A1F23122200CD48B5 /* Himotoki.framework in Frameworks */ = {isa = PBXBuildFile; fileRef = 4456BD061F23122200CD48B5 /* Himotoki.framework */; };
		4458EA7F1F2000B200FCC85A /* ImageGenerator.swift in Sources */ = {isa = PBXBuildFile; fileRef = 4458EA7E1F2000B200FCC85A /* ImageGenerator.swift */; };
		446F62011F2319590052BE67 /* Kanna.framework in Frameworks */ = {isa = PBXBuildFile; fileRef = 446F62001F2319590052BE67 /* Kanna.framework */; };
		4474F91A1F16EA18005D360E /* LaunchImageCollectionViewController.swift in Sources */ = {isa = PBXBuildFile; fileRef = 4474F9191F16EA18005D360E /* LaunchImageCollectionViewController.swift */; };
		447CC59E1F247CD2002CA718 /* Quicksand-Regular.ttf in Resources */ = {isa = PBXBuildFile; fileRef = 44D5AF271F20289100EB0CA5 /* Quicksand-Regular.ttf */; };
		44A91DCA1F210C250088D9E6 /* WelcomeViewController.swift in Sources */ = {isa = PBXBuildFile; fileRef = 44A91DC91F210C250088D9E6 /* WelcomeViewController.swift */; };
		44A91DCD1F211AAA0088D9E6 /* RealmSwift.framework in Frameworks */ = {isa = PBXBuildFile; fileRef = 44A91DCB1F211AAA0088D9E6 /* RealmSwift.framework */; };
		44A91DCE1F211AAA0088D9E6 /* Realm.framework in Frameworks */ = {isa = PBXBuildFile; fileRef = 44A91DCC1F211AAA0088D9E6 /* Realm.framework */; };
		44A91DD01F211EAC0088D9E6 /* DateUtils.swift in Sources */ = {isa = PBXBuildFile; fileRef = 44A91DCF1F211EAC0088D9E6 /* DateUtils.swift */; };
		44A91DD21F215AFC0088D9E6 /* Setlist.swift in Sources */ = {isa = PBXBuildFile; fileRef = 44A91DD11F215AFC0088D9E6 /* Setlist.swift */; };
		44C74C891F23E1AC006A4168 /* Scraper.swift in Sources */ = {isa = PBXBuildFile; fileRef = 44C74C881F23E1AC006A4168 /* Scraper.swift */; };
/* End PBXBuildFile section */

/* Begin PBXFileReference section */
		13B44D909F06705291970E8E /* Pods-SetlistImageMaker.release.xcconfig */ = {isa = PBXFileReference; includeInIndex = 1; lastKnownFileType = text.xcconfig; name = "Pods-SetlistImageMaker.release.xcconfig"; path = "Pods/Target Support Files/Pods-SetlistImageMaker/Pods-SetlistImageMaker.release.xcconfig"; sourceTree = "<group>"; };
		1ACE2886BD26485ADE85C638 /* Pods_SetlistImageMaker.framework */ = {isa = PBXFileReference; explicitFileType = wrapper.framework; includeInIndex = 0; path = Pods_SetlistImageMaker.framework; sourceTree = BUILT_PRODUCTS_DIR; };
		440F68BD1F157013008511DC /* SetlistImageMaker.app */ = {isa = PBXFileReference; explicitFileType = wrapper.application; includeInIndex = 0; path = SetlistImageMaker.app; sourceTree = BUILT_PRODUCTS_DIR; };
		440F68C01F157013008511DC /* AppDelegate.swift */ = {isa = PBXFileReference; lastKnownFileType = sourcecode.swift; path = AppDelegate.swift; sourceTree = "<group>"; };
		440F68C21F157013008511DC /* SetListViewController.swift */ = {isa = PBXFileReference; lastKnownFileType = sourcecode.swift; path = SetListViewController.swift; sourceTree = "<group>"; };
		440F68C51F157013008511DC /* Base */ = {isa = PBXFileReference; lastKnownFileType = file.storyboard; name = Base; path = Base.lproj/Main.storyboard; sourceTree = "<group>"; };
		440F68C71F157013008511DC /* Assets.xcassets */ = {isa = PBXFileReference; lastKnownFileType = folder.assetcatalog; path = Assets.xcassets; sourceTree = "<group>"; };
		440F68CA1F157013008511DC /* Base */ = {isa = PBXFileReference; lastKnownFileType = file.storyboard; name = Base; path = Base.lproj/LaunchScreen.storyboard; sourceTree = "<group>"; };
		440F68CC1F157013008511DC /* Info.plist */ = {isa = PBXFileReference; lastKnownFileType = text.plist.xml; path = Info.plist; sourceTree = "<group>"; };
		441D0B951F1841F1007D171C /* EditSetListViewController.swift */ = {isa = PBXFileReference; fileEncoding = 4; lastKnownFileType = sourcecode.swift; path = EditSetListViewController.swift; sourceTree = "<group>"; };
		441D0B971F19BD97007D171C /* EditArtistViewController.swift */ = {isa = PBXFileReference; fileEncoding = 4; lastKnownFileType = sourcecode.swift; path = EditArtistViewController.swift; sourceTree = "<group>"; };
		441D0B991F19C2EF007D171C /* ArtistTableViewCell.swift */ = {isa = PBXFileReference; fileEncoding = 4; lastKnownFileType = sourcecode.swift; path = ArtistTableViewCell.swift; sourceTree = "<group>"; };
		4426B1F21F1578F800E37954 /* SongNameTableViewCell.swift */ = {isa = PBXFileReference; fileEncoding = 4; lastKnownFileType = sourcecode.swift; path = SongNameTableViewCell.swift; sourceTree = "<group>"; };
		4444977E1F1D7902006FBEF8 /* TwitterKit.framework */ = {isa = PBXFileReference; lastKnownFileType = wrapper.framework; name = TwitterKit.framework; path = ../../Downloads/TwitterKitManual/TwitterKit.framework; sourceTree = "<group>"; };
		444497801F1D790F006FBEF8 /* TwitterCore.framework */ = {isa = PBXFileReference; lastKnownFileType = wrapper.framework; name = TwitterCore.framework; path = ../../Downloads/TwitterKitManual/TwitterCore.framework; sourceTree = "<group>"; };
		4444978A1F1D7F23006FBEF8 /* LoginViewController.swift */ = {isa = PBXFileReference; fileEncoding = 4; lastKnownFileType = sourcecode.swift; path = LoginViewController.swift; sourceTree = "<group>"; };
		4456BD031F23122200CD48B5 /* APIKit.framework */ = {isa = PBXFileReference; lastKnownFileType = wrapper.framework; name = APIKit.framework; path = Carthage/Build/iOS/APIKit.framework; sourceTree = "<group>"; };
		4456BD041F23122200CD48B5 /* Result.framework */ = {isa = PBXFileReference; lastKnownFileType = wrapper.framework; name = Result.framework; path = Carthage/Build/iOS/Result.framework; sourceTree = "<group>"; };
		4456BD051F23122200CD48B5 /* Kingfisher.framework */ = {isa = PBXFileReference; lastKnownFileType = wrapper.framework; name = Kingfisher.framework; path = Carthage/Build/iOS/Kingfisher.framework; sourceTree = "<group>"; };
		4456BD061F23122200CD48B5 /* Himotoki.framework */ = {isa = PBXFileReference; lastKnownFileType = wrapper.framework; name = Himotoki.framework; path = Carthage/Build/iOS/Himotoki.framework; sourceTree = "<group>"; };
		4458EA7E1F2000B200FCC85A /* ImageGenerator.swift */ = {isa = PBXFileReference; fileEncoding = 4; lastKnownFileType = sourcecode.swift; path = ImageGenerator.swift; sourceTree = "<group>"; };
		446F62001F2319590052BE67 /* Kanna.framework */ = {isa = PBXFileReference; lastKnownFileType = wrapper.framework; name = Kanna.framework; path = Carthage/Build/iOS/Kanna.framework; sourceTree = "<group>"; };
		4474F9191F16EA18005D360E /* LaunchImageCollectionViewController.swift */ = {isa = PBXFileReference; fileEncoding = 4; lastKnownFileType = sourcecode.swift; path = LaunchImageCollectionViewController.swift; sourceTree = "<group>"; };
		44A91DC91F210C250088D9E6 /* WelcomeViewController.swift */ = {isa = PBXFileReference; fileEncoding = 4; lastKnownFileType = sourcecode.swift; path = WelcomeViewController.swift; sourceTree = "<group>"; };
		44A91DCB1F211AAA0088D9E6 /* RealmSwift.framework */ = {isa = PBXFileReference; lastKnownFileType = wrapper.framework; name = RealmSwift.framework; path = Carthage/Build/iOS/RealmSwift.framework; sourceTree = "<group>"; };
		44A91DCC1F211AAA0088D9E6 /* Realm.framework */ = {isa = PBXFileReference; lastKnownFileType = wrapper.framework; name = Realm.framework; path = Carthage/Build/iOS/Realm.framework; sourceTree = "<group>"; };
		44A91DCF1F211EAC0088D9E6 /* DateUtils.swift */ = {isa = PBXFileReference; fileEncoding = 4; lastKnownFileType = sourcecode.swift; path = DateUtils.swift; sourceTree = "<group>"; };
		44A91DD11F215AFC0088D9E6 /* Setlist.swift */ = {isa = PBXFileReference; fileEncoding = 4; lastKnownFileType = sourcecode.swift; path = Setlist.swift; sourceTree = "<group>"; };
		44C74C881F23E1AC006A4168 /* Scraper.swift */ = {isa = PBXFileReference; fileEncoding = 4; lastKnownFileType = sourcecode.swift; path = Scraper.swift; sourceTree = "<group>"; };
		44D5AF271F20289100EB0CA5 /* Quicksand-Regular.ttf */ = {isa = PBXFileReference; lastKnownFileType = file; path = "Quicksand-Regular.ttf"; sourceTree = "<group>"; };
		C3E30C4C615CA05141FE12E3 /* Pods-SetlistImageMaker.debug.xcconfig */ = {isa = PBXFileReference; includeInIndex = 1; lastKnownFileType = text.xcconfig; name = "Pods-SetlistImageMaker.debug.xcconfig"; path = "Pods/Target Support Files/Pods-SetlistImageMaker/Pods-SetlistImageMaker.debug.xcconfig"; sourceTree = "<group>"; };
/* End PBXFileReference section */

/* Begin PBXFrameworksBuildPhase section */
		440F68BA1F157013008511DC /* Frameworks */ = {
			isa = PBXFrameworksBuildPhase;
			buildActionMask = 2147483647;
			files = (
				446F62011F2319590052BE67 /* Kanna.framework in Frameworks */,
				4456BD0A1F23122200CD48B5 /* Himotoki.framework in Frameworks */,
				44A91DCD1F211AAA0088D9E6 /* RealmSwift.framework in Frameworks */,
				44A91DCE1F211AAA0088D9E6 /* Realm.framework in Frameworks */,
			);
			runOnlyForDeploymentPostprocessing = 0;
		};
/* End PBXFrameworksBuildPhase section */

/* Begin PBXGroup section */
		440F68B41F157013008511DC = {
			isa = PBXGroup;
			children = (
				440F68BF1F157013008511DC /* SetlistImageMaker */,
				440F68BE1F157013008511DC /* Products */,
				4444977D1F1D7902006FBEF8 /* Frameworks */,
				E910A6264D31381DB33099C6 /* Pods */,
			);
			sourceTree = "<group>";
		};
		440F68BE1F157013008511DC /* Products */ = {
			isa = PBXGroup;
			children = (
				440F68BD1F157013008511DC /* SetlistImageMaker.app */,
			);
			name = Products;
			sourceTree = "<group>";
		};
		440F68BF1F157013008511DC /* SetlistImageMaker */ = {
			isa = PBXGroup;
			children = (
				44D5AF271F20289100EB0CA5 /* Quicksand-Regular.ttf */,
				440F68C41F157013008511DC /* Main.storyboard */,
				440F68C01F157013008511DC /* AppDelegate.swift */,
				440F68CC1F157013008511DC /* Info.plist */,
				44A91DCF1F211EAC0088D9E6 /* DateUtils.swift */,
				44A91DD11F215AFC0088D9E6 /* Setlist.swift */,
				44A91DC91F210C250088D9E6 /* WelcomeViewController.swift */,
				440F68C21F157013008511DC /* SetListViewController.swift */,
				4458EA7B1F20000800FCC85A /* Live Info VC */,
				4458EA7C1F20002000FCC85A /* Song VC */,
				4458EA7D1F20005E00FCC85A /* Tweet */,
				4474F9191F16EA18005D360E /* LaunchImageCollectionViewController.swift */,
				4458EA7E1F2000B200FCC85A /* ImageGenerator.swift */,
				440F68C71F157013008511DC /* Assets.xcassets */,
				440F68C91F157013008511DC /* LaunchScreen.storyboard */,
				44C74C881F23E1AC006A4168 /* Scraper.swift */,
			);
			path = SetlistImageMaker;
			sourceTree = "<group>";
		};
		4444977D1F1D7902006FBEF8 /* Frameworks */ = {
			isa = PBXGroup;
			children = (
				446F62001F2319590052BE67 /* Kanna.framework */,
				4456BD031F23122200CD48B5 /* APIKit.framework */,
				4456BD041F23122200CD48B5 /* Result.framework */,
				4456BD051F23122200CD48B5 /* Kingfisher.framework */,
				4456BD061F23122200CD48B5 /* Himotoki.framework */,
				44A91DCB1F211AAA0088D9E6 /* RealmSwift.framework */,
				44A91DCC1F211AAA0088D9E6 /* Realm.framework */,
				444497801F1D790F006FBEF8 /* TwitterCore.framework */,
				4444977E1F1D7902006FBEF8 /* TwitterKit.framework */,
				1ACE2886BD26485ADE85C638 /* Pods_SetlistImageMaker.framework */,
			);
			name = Frameworks;
			sourceTree = "<group>";
		};
		4458EA7B1F20000800FCC85A /* Live Info VC */ = {
			isa = PBXGroup;
			children = (
				441D0B991F19C2EF007D171C /* ArtistTableViewCell.swift */,
				441D0B971F19BD97007D171C /* EditArtistViewController.swift */,
			);
			name = "Live Info VC";
			sourceTree = "<group>";
		};
		4458EA7C1F20002000FCC85A /* Song VC */ = {
			isa = PBXGroup;
			children = (
				4426B1F21F1578F800E37954 /* SongNameTableViewCell.swift */,
				441D0B951F1841F1007D171C /* EditSetListViewController.swift */,
			);
			name = "Song VC";
			sourceTree = "<group>";
		};
		4458EA7D1F20005E00FCC85A /* Tweet */ = {
			isa = PBXGroup;
			children = (
				4444978A1F1D7F23006FBEF8 /* LoginViewController.swift */,
			);
			name = Tweet;
			sourceTree = "<group>";
		};
		E910A6264D31381DB33099C6 /* Pods */ = {
			isa = PBXGroup;
			children = (
				C3E30C4C615CA05141FE12E3 /* Pods-SetlistImageMaker.debug.xcconfig */,
				13B44D909F06705291970E8E /* Pods-SetlistImageMaker.release.xcconfig */,
			);
			name = Pods;
			sourceTree = "<group>";
		};
/* End PBXGroup section */

/* Begin PBXNativeTarget section */
		440F68BC1F157013008511DC /* SetlistImageMaker */ = {
			isa = PBXNativeTarget;
			buildConfigurationList = 440F68CF1F157013008511DC /* Build configuration list for PBXNativeTarget "SetlistImageMaker" */;
			buildPhases = (
				440F68B91F157013008511DC /* Sources */,
				440F68BA1F157013008511DC /* Frameworks */,
				440F68BB1F157013008511DC /* Resources */,
				444497821F1D79FF006FBEF8 /* ShellScript */,
			);
			buildRules = (
			);
			dependencies = (
			);
			name = SetlistImageMaker;
			productName = SetlistImageMaker;
			productReference = 440F68BD1F157013008511DC /* SetlistImageMaker.app */;
			productType = "com.apple.product-type.application";
		};
/* End PBXNativeTarget section */

/* Begin PBXProject section */
		440F68B51F157013008511DC /* Project object */ = {
			isa = PBXProject;
			attributes = {
				LastSwiftUpdateCheck = 0830;
				LastUpgradeCheck = 0830;
				ORGANIZATIONNAME = masa;
				TargetAttributes = {
					440F68BC1F157013008511DC = {
						CreatedOnToolsVersion = 8.3.3;
						DevelopmentTeam = 3YZ86WK7D7;
						LastSwiftMigration = 0830;
						ProvisioningStyle = Automatic;
					};
				};
			};
			buildConfigurationList = 440F68B81F157013008511DC /* Build configuration list for PBXProject "SetlistImageMaker" */;
			compatibilityVersion = "Xcode 3.2";
			developmentRegion = English;
			hasScannedForEncodings = 0;
			knownRegions = (
				en,
				Base,
			);
			mainGroup = 440F68B41F157013008511DC;
			productRefGroup = 440F68BE1F157013008511DC /* Products */;
			projectDirPath = "";
			projectRoot = "";
			targets = (
				440F68BC1F157013008511DC /* SetlistImageMaker */,
			);
		};
/* End PBXProject section */

/* Begin PBXResourcesBuildPhase section */
		440F68BB1F157013008511DC /* Resources */ = {
			isa = PBXResourcesBuildPhase;
			buildActionMask = 2147483647;
			files = (
				440F68CB1F157013008511DC /* LaunchScreen.storyboard in Resources */,
				440F68C81F157013008511DC /* Assets.xcassets in Resources */,
				440F68C61F157013008511DC /* Main.storyboard in Resources */,
				447CC59E1F247CD2002CA718 /* Quicksand-Regular.ttf in Resources */,
			);
			runOnlyForDeploymentPostprocessing = 0;
		};
/* End PBXResourcesBuildPhase section */

/* Begin PBXShellScriptBuildPhase section */
		444497821F1D79FF006FBEF8 /* ShellScript */ = {
			isa = PBXShellScriptBuildPhase;
			buildActionMask = 2147483647;
			files = (
			);
			inputPaths = (
				"$(SRCROOT)/Carthage/Build/iOS/RealmSwift.framework",
				"$(SRCROOT)/Carthage/Build/iOS/Realm.framework",
				"$(SRCROOT)/Carthage/Build/iOS/Kanna.framework",
			);
			outputPaths = (
			);
			runOnlyForDeploymentPostprocessing = 0;
			shellPath = /bin/sh;
			shellScript = "/usr/local/bin/carthage copy-frameworks";
		};
/* End PBXShellScriptBuildPhase section */

/* Begin PBXSourcesBuildPhase section */
		440F68B91F157013008511DC /* Sources */ = {
			isa = PBXSourcesBuildPhase;
			buildActionMask = 2147483647;
			files = (
				44A91DD01F211EAC0088D9E6 /* DateUtils.swift in Sources */,
				441D0B961F1841F1007D171C /* EditSetListViewController.swift in Sources */,
				44A91DCA1F210C250088D9E6 /* WelcomeViewController.swift in Sources */,
				4458EA7F1F2000B200FCC85A /* ImageGenerator.swift in Sources */,
				440F68C31F157013008511DC /* SetListViewController.swift in Sources */,
				4474F91A1F16EA18005D360E /* LaunchImageCollectionViewController.swift in Sources */,
				440F68C11F157013008511DC /* AppDelegate.swift in Sources */,
				4444978B1F1D7F23006FBEF8 /* LoginViewController.swift in Sources */,
				44A91DD21F215AFC0088D9E6 /* Setlist.swift in Sources */,
				4426B1F31F1578F800E37954 /* SongNameTableViewCell.swift in Sources */,
				44C74C891F23E1AC006A4168 /* Scraper.swift in Sources */,
				441D0B981F19BD97007D171C /* EditArtistViewController.swift in Sources */,
				441D0B9A1F19C2EF007D171C /* ArtistTableViewCell.swift in Sources */,
			);
			runOnlyForDeploymentPostprocessing = 0;
		};
/* End PBXSourcesBuildPhase section */

/* Begin PBXVariantGroup section */
		440F68C41F157013008511DC /* Main.storyboard */ = {
			isa = PBXVariantGroup;
			children = (
				440F68C51F157013008511DC /* Base */,
			);
			name = Main.storyboard;
			sourceTree = "<group>";
		};
		440F68C91F157013008511DC /* LaunchScreen.storyboard */ = {
			isa = PBXVariantGroup;
			children = (
				440F68CA1F157013008511DC /* Base */,
			);
			name = LaunchScreen.storyboard;
			sourceTree = "<group>";
		};
/* End PBXVariantGroup section */

/* Begin XCBuildConfiguration section */
		440F68CD1F157013008511DC /* Debug */ = {
			isa = XCBuildConfiguration;
			buildSettings = {
				ALWAYS_SEARCH_USER_PATHS = NO;
				CLANG_ANALYZER_NONNULL = YES;
				CLANG_ANALYZER_NUMBER_OBJECT_CONVERSION = YES_AGGRESSIVE;
				CLANG_CXX_LANGUAGE_STANDARD = "gnu++0x";
				CLANG_CXX_LIBRARY = "libc++";
				CLANG_ENABLE_MODULES = YES;
				CLANG_ENABLE_OBJC_ARC = YES;
				CLANG_WARN_BOOL_CONVERSION = YES;
				CLANG_WARN_CONSTANT_CONVERSION = YES;
				CLANG_WARN_DIRECT_OBJC_ISA_USAGE = YES_ERROR;
				CLANG_WARN_DOCUMENTATION_COMMENTS = YES;
				CLANG_WARN_EMPTY_BODY = YES;
				CLANG_WARN_ENUM_CONVERSION = YES;
				CLANG_WARN_INFINITE_RECURSION = YES;
				CLANG_WARN_INT_CONVERSION = YES;
				CLANG_WARN_OBJC_ROOT_CLASS = YES_ERROR;
				CLANG_WARN_SUSPICIOUS_MOVE = YES;
				CLANG_WARN_UNREACHABLE_CODE = YES;
				CLANG_WARN__DUPLICATE_METHOD_MATCH = YES;
				"CODE_SIGN_IDENTITY[sdk=iphoneos*]" = "iPhone Developer";
				COPY_PHASE_STRIP = NO;
				DEBUG_INFORMATION_FORMAT = dwarf;
				ENABLE_STRICT_OBJC_MSGSEND = YES;
				ENABLE_TESTABILITY = YES;
				GCC_C_LANGUAGE_STANDARD = gnu99;
				GCC_DYNAMIC_NO_PIC = NO;
				GCC_NO_COMMON_BLOCKS = YES;
				GCC_OPTIMIZATION_LEVEL = 0;
				GCC_PREPROCESSOR_DEFINITIONS = (
					"DEBUG=1",
					"$(inherited)",
				);
				GCC_WARN_64_TO_32_BIT_CONVERSION = YES;
				GCC_WARN_ABOUT_RETURN_TYPE = YES_ERROR;
				GCC_WARN_UNDECLARED_SELECTOR = YES;
				GCC_WARN_UNINITIALIZED_AUTOS = YES_AGGRESSIVE;
				GCC_WARN_UNUSED_FUNCTION = YES;
				GCC_WARN_UNUSED_VARIABLE = YES;
				IPHONEOS_DEPLOYMENT_TARGET = 9.0;
				MTL_ENABLE_DEBUG_INFO = YES;
				ONLY_ACTIVE_ARCH = YES;
				SDKROOT = iphoneos;
				SWIFT_ACTIVE_COMPILATION_CONDITIONS = DEBUG;
				SWIFT_OPTIMIZATION_LEVEL = "-Onone";
			};
			name = Debug;
		};
		440F68CE1F157013008511DC /* Release */ = {
			isa = XCBuildConfiguration;
			buildSettings = {
				ALWAYS_SEARCH_USER_PATHS = NO;
				CLANG_ANALYZER_NONNULL = YES;
				CLANG_ANALYZER_NUMBER_OBJECT_CONVERSION = YES_AGGRESSIVE;
				CLANG_CXX_LANGUAGE_STANDARD = "gnu++0x";
				CLANG_CXX_LIBRARY = "libc++";
				CLANG_ENABLE_MODULES = YES;
				CLANG_ENABLE_OBJC_ARC = YES;
				CLANG_WARN_BOOL_CONVERSION = YES;
				CLANG_WARN_CONSTANT_CONVERSION = YES;
				CLANG_WARN_DIRECT_OBJC_ISA_USAGE = YES_ERROR;
				CLANG_WARN_DOCUMENTATION_COMMENTS = YES;
				CLANG_WARN_EMPTY_BODY = YES;
				CLANG_WARN_ENUM_CONVERSION = YES;
				CLANG_WARN_INFINITE_RECURSION = YES;
				CLANG_WARN_INT_CONVERSION = YES;
				CLANG_WARN_OBJC_ROOT_CLASS = YES_ERROR;
				CLANG_WARN_SUSPICIOUS_MOVE = YES;
				CLANG_WARN_UNREACHABLE_CODE = YES;
				CLANG_WARN__DUPLICATE_METHOD_MATCH = YES;
				"CODE_SIGN_IDENTITY[sdk=iphoneos*]" = "iPhone Developer";
				COPY_PHASE_STRIP = NO;
				DEBUG_INFORMATION_FORMAT = "dwarf-with-dsym";
				ENABLE_NS_ASSERTIONS = NO;
				ENABLE_STRICT_OBJC_MSGSEND = YES;
				GCC_C_LANGUAGE_STANDARD = gnu99;
				GCC_NO_COMMON_BLOCKS = YES;
				GCC_WARN_64_TO_32_BIT_CONVERSION = YES;
				GCC_WARN_ABOUT_RETURN_TYPE = YES_ERROR;
				GCC_WARN_UNDECLARED_SELECTOR = YES;
				GCC_WARN_UNINITIALIZED_AUTOS = YES_AGGRESSIVE;
				GCC_WARN_UNUSED_FUNCTION = YES;
				GCC_WARN_UNUSED_VARIABLE = YES;
				IPHONEOS_DEPLOYMENT_TARGET = 9.0;
				MTL_ENABLE_DEBUG_INFO = NO;
				SDKROOT = iphoneos;
				SWIFT_OPTIMIZATION_LEVEL = "-Owholemodule";
				VALIDATE_PRODUCT = YES;
			};
			name = Release;
		};
		440F68D01F157013008511DC /* Debug */ = {
			isa = XCBuildConfiguration;
			baseConfigurationReference = C3E30C4C615CA05141FE12E3 /* Pods-SetlistImageMaker.debug.xcconfig */;
			buildSettings = {
				ASSETCATALOG_COMPILER_APPICON_NAME = AppIcon;
				CLANG_ENABLE_MODULES = YES;
				DEVELOPMENT_TEAM = 3YZ86WK7D7;
				FRAMEWORK_SEARCH_PATHS = (
					"$(inherited)",
					"$(PROJECT_DIR)",
					"$(PROJECT_DIR)/Carthage/Build/iOS",
				);
				HEADER_SEARCH_PATHS = "$(SDKROOT)/usr/include/libxml2";
				INFOPLIST_FILE = SetlistImageMaker/Info.plist;
				LD_RUNPATH_SEARCH_PATHS = "$(inherited) @executable_path/Frameworks";
				PRODUCT_BUNDLE_IDENTIFIER = co.masa.SetlistImageMaker;
				PRODUCT_NAME = "$(TARGET_NAME)";
				SWIFT_OBJC_BRIDGING_HEADER = "";
				SWIFT_OPTIMIZATION_LEVEL = "-Onone";
				SWIFT_VERSION = 3.0;
			};
			name = Debug;
		};
		440F68D11F157013008511DC /* Release */ = {
			isa = XCBuildConfiguration;
			baseConfigurationReference = 13B44D909F06705291970E8E /* Pods-SetlistImageMaker.release.xcconfig */;
			buildSettings = {
				ASSETCATALOG_COMPILER_APPICON_NAME = AppIcon;
				CLANG_ENABLE_MODULES = YES;
				DEVELOPMENT_TEAM = 3YZ86WK7D7;
				FRAMEWORK_SEARCH_PATHS = (
					"$(inherited)",
					"$(PROJECT_DIR)",
					"$(PROJECT_DIR)/Carthage/Build/iOS",
				);
				HEADER_SEARCH_PATHS = "$(SDKROOT)/usr/include/libxml2";
				INFOPLIST_FILE = SetlistImageMaker/Info.plist;
				LD_RUNPATH_SEARCH_PATHS = "$(inherited) @executable_path/Frameworks";
				PRODUCT_BUNDLE_IDENTIFIER = co.masa.SetlistImageMaker;
				PRODUCT_NAME = "$(TARGET_NAME)";
				SWIFT_OBJC_BRIDGING_HEADER = "";
				SWIFT_VERSION = 3.0;
			};
			name = Release;
		};
/* End XCBuildConfiguration section */

/* Begin XCConfigurationList section */
		440F68B81F157013008511DC /* Build configuration list for PBXProject "SetlistImageMaker" */ = {
			isa = XCConfigurationList;
			buildConfigurations = (
				440F68CD1F157013008511DC /* Debug */,
				440F68CE1F157013008511DC /* Release */,
			);
			defaultConfigurationIsVisible = 0;
			defaultConfigurationName = Release;
		};
		440F68CF1F157013008511DC /* Build configuration list for PBXNativeTarget "SetlistImageMaker" */ = {
			isa = XCConfigurationList;
			buildConfigurations = (
				440F68D01F157013008511DC /* Debug */,
				440F68D11F157013008511DC /* Release */,
			);
			defaultConfigurationIsVisible = 0;
			defaultConfigurationName = Release;
		};
/* End XCConfigurationList section */
	};
	rootObject = 440F68B51F157013008511DC /* Project object */;
}
